
Microsoft Visual Studio Solution File, Format Version 12.00
# Visual Studio Version 16
VisualStudioVersion = 16.0.30907.101
MinimumVisualStudioVersion = 10.0.40219.1
Project("{FAE04EC0-301F-11D3-BF4B-00C04F79EFBC}") = "Admin", "Admin\Admin.csproj", "{6E68A04E-210E-47C0-8BD7-A99BC3C6B9CF}"
EndProject
Global
	GlobalSection(SolutionConfigurationPlatforms) = preSolution
		Debug|Any CPU = Debug|Any CPU
		Release|Any CPU = Release|Any CPU
	EndGlobalSection
	GlobalSection(ProjectConfigurationPlatforms) = postSolution
		{6E68A04E-210E-47C0-8BD7-A99BC3C6B9CF}.Debug|Any CPU.ActiveCfg = Debug|Any CPU
		{6E68A04E-210E-47C0-8BD7-A99BC3C6B9CF}.Debug|Any CPU.Build.0 = Debug|Any CPU
		{6E68A04E-210E-47C0-8BD7-A99BC3C6B9CF}.Release|Any CPU.ActiveCfg = Release|Any CPU
		{6E68A04E-210E-47C0-8BD7-A99BC3C6B9CF}.Release|Any CPU.Build.0 = Release|Any CPU
	EndGlobalSection
	GlobalSection(SolutionProperties) = preSolution
		HideSolutionNode = FALSE
	EndGlobalSection
	GlobalSection(ExtensibilityGlobals) = postSolution
		SolutionGuid = {4C3A0FD8-31D5-4FB4-9F98-455FD876B3C0}
	EndGlobalSection
EndGlobal
